
Microsoft Visual Studio Solution File, Format Version 12.00
# Visual Studio Version 16
VisualStudioVersion = 16.0.30804.86
MinimumVisualStudioVersion = 10.0.40219.1
Project("{FAE04EC0-301F-11D3-BF4B-00C04F79EFBC}") = "paramtools", "paramtools.csproj", "{32D23C14-6B47-4BD4-BE4E-3B575EEC4293}"
EndProject
Project("{FAE04EC0-301F-11D3-BF4B-00C04F79EFBC}") = "SoulsFormats", "vendor\soulsformats\SoulsFormats\SoulsFormats.csproj", "{A8CE7695-9C36-43C4-8B60-E5C61D6707EC}"
EndProject
Global
	GlobalSection(SolutionConfigurationPlatforms) = preSolution
		Debug|Any CPU = Debug|Any CPU
		Release|Any CPU = Release|Any CPU
	EndGlobalSection
	GlobalSection(ProjectConfigurationPlatforms) = postSolution
		{32D23C14-6B47-4BD4-BE4E-3B575EEC4293}.Debug|Any CPU.ActiveCfg = Debug|Any CPU
		{32D23C14-6B47-4BD4-BE4E-3B575EEC4293}.Debug|Any CPU.Build.0 = Debug|Any CPU
		{32D23C14-6B47-4BD4-BE4E-3B575EEC4293}.Release|Any CPU.ActiveCfg = Release|Any CPU
		{32D23C14-6B47-4BD4-BE4E-3B575EEC4293}.Release|Any CPU.Build.0 = Release|Any CPU
		{A8CE7695-9C36-43C4-8B60-E5C61D6707EC}.Debug|Any CPU.ActiveCfg = Debug|Any CPU
		{A8CE7695-9C36-43C4-8B60-E5C61D6707EC}.Debug|Any CPU.Build.0 = Debug|Any CPU
		{A8CE7695-9C36-43C4-8B60-E5C61D6707EC}.Release|Any CPU.ActiveCfg = Release|Any CPU
		{A8CE7695-9C36-43C4-8B60-E5C61D6707EC}.Release|Any CPU.Build.0 = Release|Any CPU
	EndGlobalSection
	GlobalSection(SolutionProperties) = preSolution
		HideSolutionNode = FALSE
	EndGlobalSection
	GlobalSection(ExtensibilityGlobals) = postSolution
		SolutionGuid = {D17E3B7E-0334-4321-BC5A-7DD2EE14D228}
	EndGlobalSection
EndGlobal
